
Microsoft Visual Studio Solution File, Format Version 12.00
# Visual Studio 15
VisualStudioVersion = 15.0.28010.0
MinimumVisualStudioVersion = 10.0.40219.1
Project("{FAE04EC0-301F-11D3-BF4B-00C04F79EFBC}") = "RentalCompany", "RentalCompany\RentalCompany.csproj", "{052A940A-9C42-493C-B236-9E3DAA122D73}"
EndProject
Global
	GlobalSection(SolutionConfigurationPlatforms) = preSolution
		Debug|Any CPU = Debug|Any CPU
		Release|Any CPU = Release|Any CPU
	EndGlobalSection
	GlobalSection(ProjectConfigurationPlatforms) = postSolution
		{052A940A-9C42-493C-B236-9E3DAA122D73}.Debug|Any CPU.ActiveCfg = Debug|Any CPU
		{052A940A-9C42-493C-B236-9E3DAA122D73}.Debug|Any CPU.Build.0 = Debug|Any CPU
		{052A940A-9C42-493C-B236-9E3DAA122D73}.Release|Any CPU.ActiveCfg = Release|Any CPU
		{052A940A-9C42-493C-B236-9E3DAA122D73}.Release|Any CPU.Build.0 = Release|Any CPU
	EndGlobalSection
	GlobalSection(SolutionProperties) = preSolution
		HideSolutionNode = FALSE
	EndGlobalSection
	GlobalSection(ExtensibilityGlobals) = postSolution
		SolutionGuid = {7A260A55-18FE-4799-AB1E-F60483129920}
	EndGlobalSection
EndGlobal
